// !$*UTF8*$!
{
	archiveVersion = 1;
	classes = {
	};
	objectVersion = 55;
	objects = {

/* Begin PBXBuildFile section */
		0F345B912815C32C005994E9 /* UIImageView+Extensions.swift in Sources */ = {isa = PBXBuildFile; fileRef = 0F345B902815C32C005994E9 /* UIImageView+Extensions.swift */; };
		0F345B942815C5B9005994E9 /* Location.swift in Sources */ = {isa = PBXBuildFile; fileRef = 0F345B932815C5B9005994E9 /* Location.swift */; };
		0F345B9628171521005994E9 /* CollectionViewModel.swift in Sources */ = {isa = PBXBuildFile; fileRef = 0F345B9528171521005994E9 /* CollectionViewModel.swift */; };
		0F345B9828191824005994E9 /* WeatherDetailView.swift in Sources */ = {isa = PBXBuildFile; fileRef = 0F345B9728191824005994E9 /* WeatherDetailView.swift */; };
		0F8B0C0E2815766500A9E3A4 /* AppDelegate.swift in Sources */ = {isa = PBXBuildFile; fileRef = 0F8B0C0D2815766500A9E3A4 /* AppDelegate.swift */; };
		0F8B0C122815766500A9E3A4 /* ViewController.swift in Sources */ = {isa = PBXBuildFile; fileRef = 0F8B0C112815766500A9E3A4 /* ViewController.swift */; };
		0F8B0C152815766500A9E3A4 /* Main.storyboard in Resources */ = {isa = PBXBuildFile; fileRef = 0F8B0C132815766500A9E3A4 /* Main.storyboard */; };
		0F8B0C172815766700A9E3A4 /* Assets.xcassets in Resources */ = {isa = PBXBuildFile; fileRef = 0F8B0C162815766700A9E3A4 /* Assets.xcassets */; };
		0F8B0C1A2815766700A9E3A4 /* LaunchScreen.storyboard in Resources */ = {isa = PBXBuildFile; fileRef = 0F8B0C182815766700A9E3A4 /* LaunchScreen.storyboard */; };
		0F8B0C252815766700A9E3A4 /* WeatherAppDemoTests.swift in Sources */ = {isa = PBXBuildFile; fileRef = 0F8B0C242815766700A9E3A4 /* WeatherAppDemoTests.swift */; };
		0F8B0C41281578FB00A9E3A4 /* LocationCollectionCell.swift in Sources */ = {isa = PBXBuildFile; fileRef = 0F8B0C40281578FB00A9E3A4 /* LocationCollectionCell.swift */; };
		0FA2E9DE281AA83500FF7F44 /* LocationService.swift in Sources */ = {isa = PBXBuildFile; fileRef = 0FA2E9DD281AA83500FF7F44 /* LocationService.swift */; };
		0FC10CDA281A61AD004FE630 /* NetworkRequest.swift in Sources */ = {isa = PBXBuildFile; fileRef = 0FC10CD9281A61AD004FE630 /* NetworkRequest.swift */; };
/* End PBXBuildFile section */

/* Begin PBXContainerItemProxy section */
		0F8B0C212815766700A9E3A4 /* PBXContainerItemProxy */ = {
			isa = PBXContainerItemProxy;
			containerPortal = 0F8B0C022815766400A9E3A4 /* Project object */;
			proxyType = 1;
			remoteGlobalIDString = 0F8B0C092815766500A9E3A4;
			remoteInfo = WeatherAppDemo;
		};
/* End PBXContainerItemProxy section */

/* Begin PBXFileReference section */
		0F345B902815C32C005994E9 /* UIImageView+Extensions.swift */ = {isa = PBXFileReference; lastKnownFileType = sourcecode.swift; path = "UIImageView+Extensions.swift"; sourceTree = "<group>"; };
		0F345B932815C5B9005994E9 /* Location.swift */ = {isa = PBXFileReference; lastKnownFileType = sourcecode.swift; path = Location.swift; sourceTree = "<group>"; };
		0F345B9528171521005994E9 /* CollectionViewModel.swift */ = {isa = PBXFileReference; lastKnownFileType = sourcecode.swift; path = CollectionViewModel.swift; sourceTree = "<group>"; };
		0F345B9728191824005994E9 /* WeatherDetailView.swift */ = {isa = PBXFileReference; lastKnownFileType = sourcecode.swift; path = WeatherDetailView.swift; sourceTree = "<group>"; };
		0F8B0C0A2815766500A9E3A4 /* WeatherAppDemo.app */ = {isa = PBXFileReference; explicitFileType = wrapper.application; includeInIndex = 0; path = WeatherAppDemo.app; sourceTree = BUILT_PRODUCTS_DIR; };
		0F8B0C0D2815766500A9E3A4 /* AppDelegate.swift */ = {isa = PBXFileReference; lastKnownFileType = sourcecode.swift; path = AppDelegate.swift; sourceTree = "<group>"; };
		0F8B0C112815766500A9E3A4 /* ViewController.swift */ = {isa = PBXFileReference; lastKnownFileType = sourcecode.swift; path = ViewController.swift; sourceTree = "<group>"; };
		0F8B0C142815766500A9E3A4 /* Base */ = {isa = PBXFileReference; lastKnownFileType = file.storyboard; name = Base; path = Base.lproj/Main.storyboard; sourceTree = "<group>"; };
		0F8B0C162815766700A9E3A4 /* Assets.xcassets */ = {isa = PBXFileReference; lastKnownFileType = folder.assetcatalog; path = Assets.xcassets; sourceTree = "<group>"; };
		0F8B0C192815766700A9E3A4 /* Base */ = {isa = PBXFileReference; lastKnownFileType = file.storyboard; name = Base; path = Base.lproj/LaunchScreen.storyboard; sourceTree = "<group>"; };
		0F8B0C1B2815766700A9E3A4 /* Info.plist */ = {isa = PBXFileReference; lastKnownFileType = text.plist.xml; path = Info.plist; sourceTree = "<group>"; };
		0F8B0C202815766700A9E3A4 /* WeatherAppDemoTests.xctest */ = {isa = PBXFileReference; explicitFileType = wrapper.cfbundle; includeInIndex = 0; path = WeatherAppDemoTests.xctest; sourceTree = BUILT_PRODUCTS_DIR; };
		0F8B0C242815766700A9E3A4 /* WeatherAppDemoTests.swift */ = {isa = PBXFileReference; lastKnownFileType = sourcecode.swift; path = WeatherAppDemoTests.swift; sourceTree = "<group>"; };
		0F8B0C40281578FB00A9E3A4 /* LocationCollectionCell.swift */ = {isa = PBXFileReference; lastKnownFileType = sourcecode.swift; path = LocationCollectionCell.swift; sourceTree = "<group>"; };
		0FA2E9DD281AA83500FF7F44 /* LocationService.swift */ = {isa = PBXFileReference; fileEncoding = 4; lastKnownFileType = sourcecode.swift; path = LocationService.swift; sourceTree = "<group>"; };
		0FC10CD9281A61AD004FE630 /* NetworkRequest.swift */ = {isa = PBXFileReference; lastKnownFileType = sourcecode.swift; path = NetworkRequest.swift; sourceTree = "<group>"; };
/* End PBXFileReference section */

/* Begin PBXFrameworksBuildPhase section */
		0F8B0C072815766500A9E3A4 /* Frameworks */ = {
			isa = PBXFrameworksBuildPhase;
			buildActionMask = 2147483647;
			files = (
			);
			runOnlyForDeploymentPostprocessing = 0;
		};
		0F8B0C1D2815766700A9E3A4 /* Frameworks */ = {
			isa = PBXFrameworksBuildPhase;
			buildActionMask = 2147483647;
			files = (
			);
			runOnlyForDeploymentPostprocessing = 0;
		};
/* End PBXFrameworksBuildPhase section */

/* Begin PBXGroup section */
		0F345B8F2815C315005994E9 /* Extensions */ = {
			isa = PBXGroup;
			children = (
				0F345B902815C32C005994E9 /* UIImageView+Extensions.swift */,
			);
			path = Extensions;
			sourceTree = "<group>";
		};
		0F345B922815C5A8005994E9 /* Models */ = {
			isa = PBXGroup;
			children = (
				0F345B932815C5B9005994E9 /* Location.swift */,
			);
			path = Models;
			sourceTree = "<group>";
		};
		0F8B0C012815766400A9E3A4 = {
			isa = PBXGroup;
			children = (
				0F8B0C0C2815766500A9E3A4 /* WeatherAppDemo */,
				0F8B0C232815766700A9E3A4 /* WeatherAppDemoTests */,
				0F8B0C0B2815766500A9E3A4 /* Products */,
			);
			sourceTree = "<group>";
		};
		0F8B0C0B2815766500A9E3A4 /* Products */ = {
			isa = PBXGroup;
			children = (
				0F8B0C0A2815766500A9E3A4 /* WeatherAppDemo.app */,
				0F8B0C202815766700A9E3A4 /* WeatherAppDemoTests.xctest */,
			);
			name = Products;
			sourceTree = "<group>";
		};
		0F8B0C0C2815766500A9E3A4 /* WeatherAppDemo */ = {
			isa = PBXGroup;
			children = (
				0FC10CDB281A6435004FE630 /* ViewModel */,
				0F345B922815C5A8005994E9 /* Models */,
				0F345B8F2815C315005994E9 /* Extensions */,
				0F8B0C3F281578D800A9E3A4 /* Cells */,
				0F8B0C3E281576AC00A9E3A4 /* Services */,
				0F8B0C3D281576A300A9E3A4 /* Views */,
				0F8B0C0D2815766500A9E3A4 /* AppDelegate.swift */,
				0F8B0C112815766500A9E3A4 /* ViewController.swift */,
				0F8B0C132815766500A9E3A4 /* Main.storyboard */,
				0F8B0C162815766700A9E3A4 /* Assets.xcassets */,
				0F8B0C182815766700A9E3A4 /* LaunchScreen.storyboard */,
				0F8B0C1B2815766700A9E3A4 /* Info.plist */,
			);
			path = WeatherAppDemo;
			sourceTree = "<group>";
		};
		0F8B0C232815766700A9E3A4 /* WeatherAppDemoTests */ = {
			isa = PBXGroup;
			children = (
				0F8B0C242815766700A9E3A4 /* WeatherAppDemoTests.swift */,
			);
			path = WeatherAppDemoTests;
			sourceTree = "<group>";
		};
		0F8B0C3D281576A300A9E3A4 /* Views */ = {
			isa = PBXGroup;
			children = (
				0F345B9728191824005994E9 /* WeatherDetailView.swift */,
			);
			path = Views;
			sourceTree = "<group>";
		};
		0F8B0C3E281576AC00A9E3A4 /* Services */ = {
			isa = PBXGroup;
			children = (
				0FA2E9DD281AA83500FF7F44 /* LocationService.swift */,
				0FC10CD9281A61AD004FE630 /* NetworkRequest.swift */,
			);
			path = Services;
			sourceTree = "<group>";
		};
		0F8B0C3F281578D800A9E3A4 /* Cells */ = {
			isa = PBXGroup;
			children = (
				0F8B0C40281578FB00A9E3A4 /* LocationCollectionCell.swift */,
			);
			path = Cells;
			sourceTree = "<group>";
		};
		0FC10CDB281A6435004FE630 /* ViewModel */ = {
			isa = PBXGroup;
			children = (
				0F345B9528171521005994E9 /* CollectionViewModel.swift */,
			);
			path = ViewModel;
			sourceTree = "<group>";
		};
/* End PBXGroup section */

/* Begin PBXNativeTarget section */
		0F8B0C092815766500A9E3A4 /* WeatherAppDemo */ = {
			isa = PBXNativeTarget;
			buildConfigurationList = 0F8B0C342815766700A9E3A4 /* Build configuration list for PBXNativeTarget "WeatherAppDemo" */;
			buildPhases = (
				0F8B0C062815766500A9E3A4 /* Sources */,
				0F8B0C072815766500A9E3A4 /* Frameworks */,
				0F8B0C082815766500A9E3A4 /* Resources */,
			);
			buildRules = (
			);
			dependencies = (
			);
			name = WeatherAppDemo;
			productName = WeatherAppDemo;
			productReference = 0F8B0C0A2815766500A9E3A4 /* WeatherAppDemo.app */;
			productType = "com.apple.product-type.application";
		};
		0F8B0C1F2815766700A9E3A4 /* WeatherAppDemoTests */ = {
			isa = PBXNativeTarget;
			buildConfigurationList = 0F8B0C372815766700A9E3A4 /* Build configuration list for PBXNativeTarget "WeatherAppDemoTests" */;
			buildPhases = (
				0F8B0C1C2815766700A9E3A4 /* Sources */,
				0F8B0C1D2815766700A9E3A4 /* Frameworks */,
				0F8B0C1E2815766700A9E3A4 /* Resources */,
			);
			buildRules = (
			);
			dependencies = (
				0F8B0C222815766700A9E3A4 /* PBXTargetDependency */,
			);
			name = WeatherAppDemoTests;
			productName = WeatherAppDemoTests;
			productReference = 0F8B0C202815766700A9E3A4 /* WeatherAppDemoTests.xctest */;
			productType = "com.apple.product-type.bundle.unit-test";
		};
/* End PBXNativeTarget section */

/* Begin PBXProject section */
		0F8B0C022815766400A9E3A4 /* Project object */ = {
			isa = PBXProject;
			attributes = {
				BuildIndependentTargetsInParallel = 1;
				LastSwiftUpdateCheck = 1320;
				LastUpgradeCheck = 1320;
				TargetAttributes = {
					0F8B0C092815766500A9E3A4 = {
						CreatedOnToolsVersion = 13.2.1;
					};
					0F8B0C1F2815766700A9E3A4 = {
						CreatedOnToolsVersion = 13.2.1;
						TestTargetID = 0F8B0C092815766500A9E3A4;
					};
				};
			};
			buildConfigurationList = 0F8B0C052815766500A9E3A4 /* Build configuration list for PBXProject "WeatherAppDemo" */;
			compatibilityVersion = "Xcode 13.0";
			developmentRegion = en;
			hasScannedForEncodings = 0;
			knownRegions = (
				en,
				Base,
			);
			mainGroup = 0F8B0C012815766400A9E3A4;
			productRefGroup = 0F8B0C0B2815766500A9E3A4 /* Products */;
			projectDirPath = "";
			projectRoot = "";
			targets = (
				0F8B0C092815766500A9E3A4 /* WeatherAppDemo */,
				0F8B0C1F2815766700A9E3A4 /* WeatherAppDemoTests */,
			);
		};
/* End PBXProject section */

/* Begin PBXResourcesBuildPhase section */
		0F8B0C082815766500A9E3A4 /* Resources */ = {
			isa = PBXResourcesBuildPhase;
			buildActionMask = 2147483647;
			files = (
				0F8B0C1A2815766700A9E3A4 /* LaunchScreen.storyboard in Resources */,
				0F8B0C172815766700A9E3A4 /* Assets.xcassets in Resources */,
				0F8B0C152815766500A9E3A4 /* Main.storyboard in Resources */,
			);
			runOnlyForDeploymentPostprocessing = 0;
		};
		0F8B0C1E2815766700A9E3A4 /* Resources */ = {
			isa = PBXResourcesBuildPhase;
			buildActionMask = 2147483647;
			files = (
			);
			runOnlyForDeploymentPostprocessing = 0;
		};
/* End PBXResourcesBuildPhase section */

/* Begin PBXSourcesBuildPhase section */
		0F8B0C062815766500A9E3A4 /* Sources */ = {
			isa = PBXSourcesBuildPhase;
			buildActionMask = 2147483647;
			files = (
				0F8B0C41281578FB00A9E3A4 /* LocationCollectionCell.swift in Sources */,
				0F345B912815C32C005994E9 /* UIImageView+Extensions.swift in Sources */,
				0F345B9828191824005994E9 /* WeatherDetailView.swift in Sources */,
				0F345B942815C5B9005994E9 /* Location.swift in Sources */,
				0FC10CDA281A61AD004FE630 /* NetworkRequest.swift in Sources */,
				0F8B0C122815766500A9E3A4 /* ViewController.swift in Sources */,
				0F8B0C0E2815766500A9E3A4 /* AppDelegate.swift in Sources */,
				0FA2E9DE281AA83500FF7F44 /* LocationService.swift in Sources */,
				0F345B9628171521005994E9 /* CollectionViewModel.swift in Sources */,
			);
			runOnlyForDeploymentPostprocessing = 0;
		};
		0F8B0C1C2815766700A9E3A4 /* Sources */ = {
			isa = PBXSourcesBuildPhase;
			buildActionMask = 2147483647;
			files = (
				0F8B0C252815766700A9E3A4 /* WeatherAppDemoTests.swift in Sources */,
			);
			runOnlyForDeploymentPostprocessing = 0;
		};
/* End PBXSourcesBuildPhase section */

/* Begin PBXTargetDependency section */
		0F8B0C222815766700A9E3A4 /* PBXTargetDependency */ = {
			isa = PBXTargetDependency;
			target = 0F8B0C092815766500A9E3A4 /* WeatherAppDemo */;
			targetProxy = 0F8B0C212815766700A9E3A4 /* PBXContainerItemProxy */;
		};
/* End PBXTargetDependency section */

/* Begin PBXVariantGroup section */
		0F8B0C132815766500A9E3A4 /* Main.storyboard */ = {
			isa = PBXVariantGroup;
			children = (
				0F8B0C142815766500A9E3A4 /* Base */,
			);
			name = Main.storyboard;
			sourceTree = "<group>";
		};
		0F8B0C182815766700A9E3A4 /* LaunchScreen.storyboard */ = {
			isa = PBXVariantGroup;
			children = (
				0F8B0C192815766700A9E3A4 /* Base */,
			);
			name = LaunchScreen.storyboard;
			sourceTree = "<group>";
		};
/* End PBXVariantGroup section */

/* Begin XCBuildConfiguration section */
		0F8B0C322815766700A9E3A4 /* Debug */ = {
			isa = XCBuildConfiguration;
			buildSettings = {
				ALWAYS_SEARCH_USER_PATHS = NO;
				CLANG_ANALYZER_NONNULL = YES;
				CLANG_ANALYZER_NUMBER_OBJECT_CONVERSION = YES_AGGRESSIVE;
				CLANG_CXX_LANGUAGE_STANDARD = "gnu++17";
				CLANG_CXX_LIBRARY = "libc++";
				CLANG_ENABLE_MODULES = YES;
				CLANG_ENABLE_OBJC_ARC = YES;
				CLANG_ENABLE_OBJC_WEAK = YES;
				CLANG_WARN_BLOCK_CAPTURE_AUTORELEASING = YES;
				CLANG_WARN_BOOL_CONVERSION = YES;
				CLANG_WARN_COMMA = YES;
				CLANG_WARN_CONSTANT_CONVERSION = YES;
				CLANG_WARN_DEPRECATED_OBJC_IMPLEMENTATIONS = YES;
				CLANG_WARN_DIRECT_OBJC_ISA_USAGE = YES_ERROR;
				CLANG_WARN_DOCUMENTATION_COMMENTS = YES;
				CLANG_WARN_EMPTY_BODY = YES;
				CLANG_WARN_ENUM_CONVERSION = YES;
				CLANG_WARN_INFINITE_RECURSION = YES;
				CLANG_WARN_INT_CONVERSION = YES;
				CLANG_WARN_NON_LITERAL_NULL_CONVERSION = YES;
				CLANG_WARN_OBJC_IMPLICIT_RETAIN_SELF = YES;
				CLANG_WARN_OBJC_LITERAL_CONVERSION = YES;
				CLANG_WARN_OBJC_ROOT_CLASS = YES_ERROR;
				CLANG_WARN_QUOTED_INCLUDE_IN_FRAMEWORK_HEADER = YES;
				CLANG_WARN_RANGE_LOOP_ANALYSIS = YES;
				CLANG_WARN_STRICT_PROTOTYPES = YES;
				CLANG_WARN_SUSPICIOUS_MOVE = YES;
				CLANG_WARN_UNGUARDED_AVAILABILITY = YES_AGGRESSIVE;
				CLANG_WARN_UNREACHABLE_CODE = YES;
				CLANG_WARN__DUPLICATE_METHOD_MATCH = YES;
				COPY_PHASE_STRIP = NO;
				DEBUG_INFORMATION_FORMAT = dwarf;
				ENABLE_STRICT_OBJC_MSGSEND = YES;
				ENABLE_TESTABILITY = YES;
				GCC_C_LANGUAGE_STANDARD = gnu11;
				GCC_DYNAMIC_NO_PIC = NO;
				GCC_NO_COMMON_BLOCKS = YES;
				GCC_OPTIMIZATION_LEVEL = 0;
				GCC_PREPROCESSOR_DEFINITIONS = (
					"DEBUG=1",
					"$(inherited)",
				);
				GCC_WARN_64_TO_32_BIT_CONVERSION = YES;
				GCC_WARN_ABOUT_RETURN_TYPE = YES_ERROR;
				GCC_WARN_UNDECLARED_SELECTOR = YES;
				GCC_WARN_UNINITIALIZED_AUTOS = YES_AGGRESSIVE;
				GCC_WARN_UNUSED_FUNCTION = YES;
				GCC_WARN_UNUSED_VARIABLE = YES;
				IPHONEOS_DEPLOYMENT_TARGET = 15.2;
				MTL_ENABLE_DEBUG_INFO = INCLUDE_SOURCE;
				MTL_FAST_MATH = YES;
				ONLY_ACTIVE_ARCH = YES;
				SDKROOT = iphoneos;
				SWIFT_ACTIVE_COMPILATION_CONDITIONS = DEBUG;
				SWIFT_OPTIMIZATION_LEVEL = "-Onone";
			};
			name = Debug;
		};
		0F8B0C332815766700A9E3A4 /* Release */ = {
			isa = XCBuildConfiguration;
			buildSettings = {
				ALWAYS_SEARCH_USER_PATHS = NO;
				CLANG_ANALYZER_NONNULL = YES;
				CLANG_ANALYZER_NUMBER_OBJECT_CONVERSION = YES_AGGRESSIVE;
				CLANG_CXX_LANGUAGE_STANDARD = "gnu++17";
				CLANG_CXX_LIBRARY = "libc++";
				CLANG_ENABLE_MODULES = YES;
				CLANG_ENABLE_OBJC_ARC = YES;
				CLANG_ENABLE_OBJC_WEAK = YES;
				CLANG_WARN_BLOCK_CAPTURE_AUTORELEASING = YES;
				CLANG_WARN_BOOL_CONVERSION = YES;
				CLANG_WARN_COMMA = YES;
				CLANG_WARN_CONSTANT_CONVERSION = YES;
				CLANG_WARN_DEPRECATED_OBJC_IMPLEMENTATIONS = YES;
				CLANG_WARN_DIRECT_OBJC_ISA_USAGE = YES_ERROR;
				CLANG_WARN_DOCUMENTATION_COMMENTS = YES;
				CLANG_WARN_EMPTY_BODY = YES;
				CLANG_WARN_ENUM_CONVERSION = YES;
				CLANG_WARN_INFINITE_RECURSION = YES;
				CLANG_WARN_INT_CONVERSION = YES;
				CLANG_WARN_NON_LITERAL_NULL_CONVERSION = YES;
				CLANG_WARN_OBJC_IMPLICIT_RETAIN_SELF = YES;
				CLANG_WARN_OBJC_LITERAL_CONVERSION = YES;
				CLANG_WARN_OBJC_ROOT_CLASS = YES_ERROR;
				CLANG_WARN_QUOTED_INCLUDE_IN_FRAMEWORK_HEADER = YES;
				CLANG_WARN_RANGE_LOOP_ANALYSIS = YES;
				CLANG_WARN_STRICT_PROTOTYPES = YES;
				CLANG_WARN_SUSPICIOUS_MOVE = YES;
				CLANG_WARN_UNGUARDED_AVAILABILITY = YES_AGGRESSIVE;
				CLANG_WARN_UNREACHABLE_CODE = YES;
				CLANG_WARN__DUPLICATE_METHOD_MATCH = YES;
				COPY_PHASE_STRIP = NO;
				DEBUG_INFORMATION_FORMAT = "dwarf-with-dsym";
				ENABLE_NS_ASSERTIONS = NO;
				ENABLE_STRICT_OBJC_MSGSEND = YES;
				GCC_C_LANGUAGE_STANDARD = gnu11;
				GCC_NO_COMMON_BLOCKS = YES;
				GCC_WARN_64_TO_32_BIT_CONVERSION = YES;
				GCC_WARN_ABOUT_RETURN_TYPE = YES_ERROR;
				GCC_WARN_UNDECLARED_SELECTOR = YES;
				GCC_WARN_UNINITIALIZED_AUTOS = YES_AGGRESSIVE;
				GCC_WARN_UNUSED_FUNCTION = YES;
				GCC_WARN_UNUSED_VARIABLE = YES;
				IPHONEOS_DEPLOYMENT_TARGET = 15.2;
				MTL_ENABLE_DEBUG_INFO = NO;
				MTL_FAST_MATH = YES;
				SDKROOT = iphoneos;
				SWIFT_COMPILATION_MODE = wholemodule;
				SWIFT_OPTIMIZATION_LEVEL = "-O";
				VALIDATE_PRODUCT = YES;
			};
			name = Release;
		};
		0F8B0C352815766700A9E3A4 /* Debug */ = {
			isa = XCBuildConfiguration;
			buildSettings = {
				ASSETCATALOG_COMPILER_APPICON_NAME = AppIcon;
				ASSETCATALOG_COMPILER_GLOBAL_ACCENT_COLOR_NAME = AccentColor;
				CODE_SIGN_STYLE = Automatic;
				CURRENT_PROJECT_VERSION = 1;
				GENERATE_INFOPLIST_FILE = YES;
				INFOPLIST_FILE = WeatherAppDemo/Info.plist;
				INFOPLIST_KEY_UIApplicationSupportsIndirectInputEvents = YES;
				INFOPLIST_KEY_UILaunchStoryboardName = LaunchScreen;
				INFOPLIST_KEY_UIMainStoryboardFile = Main;
				INFOPLIST_KEY_UISupportedInterfaceOrientations_iPad = "UIInterfaceOrientationPortrait UIInterfaceOrientationPortraitUpsideDown UIInterfaceOrientationLandscapeLeft UIInterfaceOrientationLandscapeRight";
				INFOPLIST_KEY_UISupportedInterfaceOrientations_iPhone = "UIInterfaceOrientationPortrait UIInterfaceOrientationLandscapeLeft UIInterfaceOrientationLandscapeRight";
				LD_RUNPATH_SEARCH_PATHS = (
					"$(inherited)",
					"@executable_path/Frameworks",
				);
				MARKETING_VERSION = 1.0;
				PRODUCT_BUNDLE_IDENTIFIER = test.WeatherAppDemo;
				PRODUCT_NAME = "$(TARGET_NAME)";
				SWIFT_EMIT_LOC_STRINGS = YES;
				SWIFT_VERSION = 5.0;
				TARGETED_DEVICE_FAMILY = "1,2";
			};
			name = Debug;
		};
		0F8B0C362815766700A9E3A4 /* Release */ = {
			isa = XCBuildConfiguration;
			buildSettings = {
				ASSETCATALOG_COMPILER_APPICON_NAME = AppIcon;
				ASSETCATALOG_COMPILER_GLOBAL_ACCENT_COLOR_NAME = AccentColor;
				CODE_SIGN_STYLE = Automatic;
				CURRENT_PROJECT_VERSION = 1;
				GENERATE_INFOPLIST_FILE = YES;
				INFOPLIST_FILE = WeatherAppDemo/Info.plist;
				INFOPLIST_KEY_UIApplicationSupportsIndirectInputEvents = YES;
				INFOPLIST_KEY_UILaunchStoryboardName = LaunchScreen;
				INFOPLIST_KEY_UIMainStoryboardFile = Main;
				INFOPLIST_KEY_UISupportedInterfaceOrientations_iPad = "UIInterfaceOrientationPortrait UIInterfaceOrientationPortraitUpsideDown UIInterfaceOrientationLandscapeLeft UIInterfaceOrientationLandscapeRight";
				INFOPLIST_KEY_UISupportedInterfaceOrientations_iPhone = "UIInterfaceOrientationPortrait UIInterfaceOrientationLandscapeLeft UIInterfaceOrientationLandscapeRight";
				LD_RUNPATH_SEARCH_PATHS = (
					"$(inherited)",
					"@executable_path/Frameworks",
				);
				MARKETING_VERSION = 1.0;
				PRODUCT_BUNDLE_IDENTIFIER = test.WeatherAppDemo;
				PRODUCT_NAME = "$(TARGET_NAME)";
				SWIFT_EMIT_LOC_STRINGS = YES;
				SWIFT_VERSION = 5.0;
				TARGETED_DEVICE_FAMILY = "1,2";
			};
			name = Release;
		};
		0F8B0C382815766700A9E3A4 /* Debug */ = {
			isa = XCBuildConfiguration;
			buildSettings = {
				ALWAYS_EMBED_SWIFT_STANDARD_LIBRARIES = YES;
				BUNDLE_LOADER = "$(TEST_HOST)";
				CODE_SIGN_STYLE = Automatic;
				CURRENT_PROJECT_VERSION = 1;
				GENERATE_INFOPLIST_FILE = YES;
				IPHONEOS_DEPLOYMENT_TARGET = 15.2;
				MARKETING_VERSION = 1.0;
				PRODUCT_BUNDLE_IDENTIFIER = test.WeatherAppDemoTests;
				PRODUCT_NAME = "$(TARGET_NAME)";
				SWIFT_EMIT_LOC_STRINGS = NO;
				SWIFT_VERSION = 5.0;
				TARGETED_DEVICE_FAMILY = "1,2";
				TEST_HOST = "$(BUILT_PRODUCTS_DIR)/WeatherAppDemo.app/WeatherAppDemo";
			};
			name = Debug;
		};
		0F8B0C392815766700A9E3A4 /* Release */ = {
			isa = XCBuildConfiguration;
			buildSettings = {
				ALWAYS_EMBED_SWIFT_STANDARD_LIBRARIES = YES;
				BUNDLE_LOADER = "$(TEST_HOST)";
				CODE_SIGN_STYLE = Automatic;
				CURRENT_PROJECT_VERSION = 1;
				GENERATE_INFOPLIST_FILE = YES;
				IPHONEOS_DEPLOYMENT_TARGET = 15.2;
				MARKETING_VERSION = 1.0;
				PRODUCT_BUNDLE_IDENTIFIER = test.WeatherAppDemoTests;
				PRODUCT_NAME = "$(TARGET_NAME)";
				SWIFT_EMIT_LOC_STRINGS = NO;
				SWIFT_VERSION = 5.0;
				TARGETED_DEVICE_FAMILY = "1,2";
				TEST_HOST = "$(BUILT_PRODUCTS_DIR)/WeatherAppDemo.app/WeatherAppDemo";
			};
			name = Release;
		};
/* End XCBuildConfiguration section */

/* Begin XCConfigurationList section */
		0F8B0C052815766500A9E3A4 /* Build configuration list for PBXProject "WeatherAppDemo" */ = {
			isa = XCConfigurationList;
			buildConfigurations = (
				0F8B0C322815766700A9E3A4 /* Debug */,
				0F8B0C332815766700A9E3A4 /* Release */,
			);
			defaultConfigurationIsVisible = 0;
			defaultConfigurationName = Release;
		};
		0F8B0C342815766700A9E3A4 /* Build configuration list for PBXNativeTarget "WeatherAppDemo" */ = {
			isa = XCConfigurationList;
			buildConfigurations = (
				0F8B0C352815766700A9E3A4 /* Debug */,
				0F8B0C362815766700A9E3A4 /* Release */,
			);
			defaultConfigurationIsVisible = 0;
			defaultConfigurationName = Release;
		};
		0F8B0C372815766700A9E3A4 /* Build configuration list for PBXNativeTarget "WeatherAppDemoTests" */ = {
			isa = XCConfigurationList;
			buildConfigurations = (
				0F8B0C382815766700A9E3A4 /* Debug */,
				0F8B0C392815766700A9E3A4 /* Release */,
			);
			defaultConfigurationIsVisible = 0;
			defaultConfigurationName = Release;
		};
/* End XCConfigurationList section */
	};
	rootObject = 0F8B0C022815766400A9E3A4 /* Project object */;
}
